
Microsoft Visual Studio Solution File, Format Version 12.00
# Visual Studio Version 17
VisualStudioVersion = 17.13.35818.85 d17.13
MinimumVisualStudioVersion = 10.0.40219.1
Project("{FAE04EC0-301F-11D3-BF4B-00C04F79EFBC}") = "SOSUrgente", "SOSUrgente\SOSUrgente.csproj", "{80C3672B-8962-4AC5-91A4-72A063426B73}"
EndProject
Project("{FAE04EC0-301F-11D3-BF4B-00C04F79EFBC}") = "LibrarieModele", "LibrarieModele\LibrarieModele.csproj", "{F372C244-87C5-4E4E-AA6F-53DCD9C2DBA1}"
EndProject
Project("{FAE04EC0-301F-11D3-BF4B-00C04F79EFBC}") = "NivelStocareDate", "NivelStocareDate\NivelStocareDate.csproj", "{51C45787-0126-498F-8A18-1740FC3A1246}"
EndProject
Global
	GlobalSection(SolutionConfigurationPlatforms) = preSolution
		Debug|Any CPU = Debug|Any CPU
		Release|Any CPU = Release|Any CPU
	EndGlobalSection
	GlobalSection(ProjectConfigurationPlatforms) = postSolution
		{80C3672B-8962-4AC5-91A4-72A063426B73}.Debug|Any CPU.ActiveCfg = Debug|Any CPU
		{80C3672B-8962-4AC5-91A4-72A063426B73}.Debug|Any CPU.Build.0 = Debug|Any CPU
		{80C3672B-8962-4AC5-91A4-72A063426B73}.Release|Any CPU.ActiveCfg = Release|Any CPU
		{80C3672B-8962-4AC5-91A4-72A063426B73}.Release|Any CPU.Build.0 = Release|Any CPU
		{F372C244-87C5-4E4E-AA6F-53DCD9C2DBA1}.Debug|Any CPU.ActiveCfg = Debug|Any CPU
		{F372C244-87C5-4E4E-AA6F-53DCD9C2DBA1}.Debug|Any CPU.Build.0 = Debug|Any CPU
		{F372C244-87C5-4E4E-AA6F-53DCD9C2DBA1}.Release|Any CPU.ActiveCfg = Release|Any CPU
		{F372C244-87C5-4E4E-AA6F-53DCD9C2DBA1}.Release|Any CPU.Build.0 = Release|Any CPU
		{51C45787-0126-498F-8A18-1740FC3A1246}.Debug|Any CPU.ActiveCfg = Debug|Any CPU
		{51C45787-0126-498F-8A18-1740FC3A1246}.Debug|Any CPU.Build.0 = Debug|Any CPU
		{51C45787-0126-498F-8A18-1740FC3A1246}.Release|Any CPU.ActiveCfg = Release|Any CPU
		{51C45787-0126-498F-8A18-1740FC3A1246}.Release|Any CPU.Build.0 = Release|Any CPU
	EndGlobalSection
	GlobalSection(SolutionProperties) = preSolution
		HideSolutionNode = FALSE
	EndGlobalSection
	GlobalSection(ExtensibilityGlobals) = postSolution
		SolutionGuid = {1B6A30AB-2102-4F57-A9D3-27324ACA1FE9}
	EndGlobalSection
EndGlobal
